// !$*UTF8*$!
{
	archiveVersion = 1;
	classes = {
	};
	objectVersion = 55;
	objects = {

/* Begin PBXBuildFile section */
		D85BF02F283CDB3D007866E7 /* TextTranslationView.swift in Sources */ = {isa = PBXBuildFile; fileRef = D85BF02E283CDB3D007866E7 /* TextTranslationView.swift */; };
		D85BF031283CDB4A007866E7 /* ImageTranslationView.swift in Sources */ = {isa = PBXBuildFile; fileRef = D85BF030283CDB4A007866E7 /* ImageTranslationView.swift */; };
		D85BF033283CDB5A007866E7 /* LanguageTranslationView.swift in Sources */ = {isa = PBXBuildFile; fileRef = D85BF032283CDB5A007866E7 /* LanguageTranslationView.swift */; };
		D85BF035283CDB69007866E7 /* Language.swift in Sources */ = {isa = PBXBuildFile; fileRef = D85BF034283CDB69007866E7 /* Language.swift */; };
		D85BF037283CDB91007866E7 /* ModelData.swift in Sources */ = {isa = PBXBuildFile; fileRef = D85BF036283CDB91007866E7 /* ModelData.swift */; };
		D85BF039283CDBA1007866E7 /* ImagePicker.swift in Sources */ = {isa = PBXBuildFile; fileRef = D85BF038283CDBA1007866E7 /* ImagePicker.swift */; };
		D88ABD5528124F4600ED39DA /* TranslatorApp.swift in Sources */ = {isa = PBXBuildFile; fileRef = D88ABD5428124F4600ED39DA /* TranslatorApp.swift */; };
		D88ABD5728124F4600ED39DA /* ContentView.swift in Sources */ = {isa = PBXBuildFile; fileRef = D88ABD5628124F4600ED39DA /* ContentView.swift */; };
		D88ABD5928124F4700ED39DA /* Assets.xcassets in Resources */ = {isa = PBXBuildFile; fileRef = D88ABD5828124F4700ED39DA /* Assets.xcassets */; };
		D88ABD5C28124F4700ED39DA /* Preview Assets.xcassets in Resources */ = {isa = PBXBuildFile; fileRef = D88ABD5B28124F4700ED39DA /* Preview Assets.xcassets */; };
		FB7566E5DB761D2D17F5022C /* Pods_Translator.framework in Frameworks */ = {isa = PBXBuildFile; fileRef = 5E67C32158F7693C976DF62A /* Pods_Translator.framework */; };
/* End PBXBuildFile section */

/* Begin PBXFileReference section */
		04285EB6665F0EDA8C2E3B8A /* Pods-Translator.release.xcconfig */ = {isa = PBXFileReference; includeInIndex = 1; lastKnownFileType = text.xcconfig; name = "Pods-Translator.release.xcconfig"; path = "Target Support Files/Pods-Translator/Pods-Translator.release.xcconfig"; sourceTree = "<group>"; };
		2A0B0F399D931C73DA779E54 /* Pods-Translator.debug.xcconfig */ = {isa = PBXFileReference; includeInIndex = 1; lastKnownFileType = text.xcconfig; name = "Pods-Translator.debug.xcconfig"; path = "Target Support Files/Pods-Translator/Pods-Translator.debug.xcconfig"; sourceTree = "<group>"; };
		5E67C32158F7693C976DF62A /* Pods_Translator.framework */ = {isa = PBXFileReference; explicitFileType = wrapper.framework; includeInIndex = 0; path = Pods_Translator.framework; sourceTree = BUILT_PRODUCTS_DIR; };
		D85BF02E283CDB3D007866E7 /* TextTranslationView.swift */ = {isa = PBXFileReference; lastKnownFileType = sourcecode.swift; path = TextTranslationView.swift; sourceTree = "<group>"; };
		D85BF030283CDB4A007866E7 /* ImageTranslationView.swift */ = {isa = PBXFileReference; lastKnownFileType = sourcecode.swift; path = ImageTranslationView.swift; sourceTree = "<group>"; };
		D85BF032283CDB5A007866E7 /* LanguageTranslationView.swift */ = {isa = PBXFileReference; lastKnownFileType = sourcecode.swift; path = LanguageTranslationView.swift; sourceTree = "<group>"; };
		D85BF034283CDB69007866E7 /* Language.swift */ = {isa = PBXFileReference; lastKnownFileType = sourcecode.swift; path = Language.swift; sourceTree = "<group>"; };
		D85BF036283CDB91007866E7 /* ModelData.swift */ = {isa = PBXFileReference; lastKnownFileType = sourcecode.swift; path = ModelData.swift; sourceTree = "<group>"; };
		D85BF038283CDBA1007866E7 /* ImagePicker.swift */ = {isa = PBXFileReference; lastKnownFileType = sourcecode.swift; path = ImagePicker.swift; sourceTree = "<group>"; };
		D88ABD5128124F4600ED39DA /* Translator.app */ = {isa = PBXFileReference; explicitFileType = wrapper.application; includeInIndex = 0; path = Translator.app; sourceTree = BUILT_PRODUCTS_DIR; };
		D88ABD5428124F4600ED39DA /* TranslatorApp.swift */ = {isa = PBXFileReference; lastKnownFileType = sourcecode.swift; path = TranslatorApp.swift; sourceTree = "<group>"; };
		D88ABD5628124F4600ED39DA /* ContentView.swift */ = {isa = PBXFileReference; lastKnownFileType = sourcecode.swift; path = ContentView.swift; sourceTree = "<group>"; };
		D88ABD5828124F4700ED39DA /* Assets.xcassets */ = {isa = PBXFileReference; lastKnownFileType = folder.assetcatalog; path = Assets.xcassets; sourceTree = "<group>"; };
		D88ABD5B28124F4700ED39DA /* Preview Assets.xcassets */ = {isa = PBXFileReference; lastKnownFileType = folder.assetcatalog; path = "Preview Assets.xcassets"; sourceTree = "<group>"; };
/* End PBXFileReference section */

/* Begin PBXFrameworksBuildPhase section */
		D88ABD4E28124F4600ED39DA /* Frameworks */ = {
			isa = PBXFrameworksBuildPhase;
			buildActionMask = 2147483647;
			files = (
				FB7566E5DB761D2D17F5022C /* Pods_Translator.framework in Frameworks */,
			);
			runOnlyForDeploymentPostprocessing = 0;
		};
/* End PBXFrameworksBuildPhase section */

/* Begin PBXGroup section */
		15EE624E9DA296F513CD967C /* Pods */ = {
			isa = PBXGroup;
			children = (
				2A0B0F399D931C73DA779E54 /* Pods-Translator.debug.xcconfig */,
				04285EB6665F0EDA8C2E3B8A /* Pods-Translator.release.xcconfig */,
			);
			path = Pods;
			sourceTree = "<group>";
		};
		D88ABD4828124F4600ED39DA = {
			isa = PBXGroup;
			children = (
				D88ABD5328124F4600ED39DA /* Translator */,
				D88ABD5228124F4600ED39DA /* Products */,
				15EE624E9DA296F513CD967C /* Pods */,
				E070D85933612BD2E9BB3231 /* Frameworks */,
			);
			sourceTree = "<group>";
		};
		D88ABD5228124F4600ED39DA /* Products */ = {
			isa = PBXGroup;
			children = (
				D88ABD5128124F4600ED39DA /* Translator.app */,
			);
			name = Products;
			sourceTree = "<group>";
		};
		D88ABD5328124F4600ED39DA /* Translator */ = {
			isa = PBXGroup;
			children = (
				D88ABD5428124F4600ED39DA /* TranslatorApp.swift */,
				D88ABD5628124F4600ED39DA /* ContentView.swift */,
				D85BF034283CDB69007866E7 /* Language.swift */,
				D85BF036283CDB91007866E7 /* ModelData.swift */,
				D85BF038283CDBA1007866E7 /* ImagePicker.swift */,
				D88ABD632812531900ED39DA /* Views */,
				D88ABD5828124F4700ED39DA /* Assets.xcassets */,
				D88ABD5A28124F4700ED39DA /* Preview Content */,
			);
			path = Translator;
			sourceTree = "<group>";
		};
		D88ABD5A28124F4700ED39DA /* Preview Content */ = {
			isa = PBXGroup;
			children = (
				D88ABD5B28124F4700ED39DA /* Preview Assets.xcassets */,
			);
			path = "Preview Content";
			sourceTree = "<group>";
		};
		D88ABD632812531900ED39DA /* Views */ = {
			isa = PBXGroup;
			children = (
				D85BF02E283CDB3D007866E7 /* TextTranslationView.swift */,
				D85BF030283CDB4A007866E7 /* ImageTranslationView.swift */,
				D85BF032283CDB5A007866E7 /* LanguageTranslationView.swift */,
			);
			path = Views;
			sourceTree = "<group>";
		};
		E070D85933612BD2E9BB3231 /* Frameworks */ = {
			isa = PBXGroup;
			children = (
				5E67C32158F7693C976DF62A /* Pods_Translator.framework */,
			);
			name = Frameworks;
			sourceTree = "<group>";
		};
/* End PBXGroup section */

/* Begin PBXNativeTarget section */
		D88ABD5028124F4600ED39DA /* Translator */ = {
			isa = PBXNativeTarget;
			buildConfigurationList = D88ABD5F28124F4700ED39DA /* Build configuration list for PBXNativeTarget "Translator" */;
			buildPhases = (
				E4C31D095BAB325D0721927C /* [CP] Check Pods Manifest.lock */,
				D88ABD4D28124F4600ED39DA /* Sources */,
				D88ABD4E28124F4600ED39DA /* Frameworks */,
				D88ABD4F28124F4600ED39DA /* Resources */,
				FBB2A1E7B2431E13228206C4 /* [CP] Embed Pods Frameworks */,
				351A44C1EC32B77B967B2A38 /* [CP] Copy Pods Resources */,
			);
			buildRules = (
			);
			dependencies = (
			);
			name = Translator;
			productName = Translator;
			productReference = D88ABD5128124F4600ED39DA /* Translator.app */;
			productType = "com.apple.product-type.application";
		};
/* End PBXNativeTarget section */

/* Begin PBXProject section */
		D88ABD4928124F4600ED39DA /* Project object */ = {
			isa = PBXProject;
			attributes = {
				BuildIndependentTargetsInParallel = 1;
				LastSwiftUpdateCheck = 1330;
				LastUpgradeCheck = 1330;
				TargetAttributes = {
					D88ABD5028124F4600ED39DA = {
						CreatedOnToolsVersion = 13.3.1;
					};
				};
			};
			buildConfigurationList = D88ABD4C28124F4600ED39DA /* Build configuration list for PBXProject "Translator" */;
			compatibilityVersion = "Xcode 13.0";
			developmentRegion = en;
			hasScannedForEncodings = 0;
			knownRegions = (
				en,
				Base,
			);
			mainGroup = D88ABD4828124F4600ED39DA;
			productRefGroup = D88ABD5228124F4600ED39DA /* Products */;
			projectDirPath = "";
			projectRoot = "";
			targets = (
				D88ABD5028124F4600ED39DA /* Translator */,
			);
		};
/* End PBXProject section */

/* Begin PBXResourcesBuildPhase section */
		D88ABD4F28124F4600ED39DA /* Resources */ = {
			isa = PBXResourcesBuildPhase;
			buildActionMask = 2147483647;
			files = (
				D88ABD5C28124F4700ED39DA /* Preview Assets.xcassets in Resources */,
				D88ABD5928124F4700ED39DA /* Assets.xcassets in Resources */,
			);
			runOnlyForDeploymentPostprocessing = 0;
		};
/* End PBXResourcesBuildPhase section */

/* Begin PBXShellScriptBuildPhase section */
		351A44C1EC32B77B967B2A38 /* [CP] Copy Pods Resources */ = {
			isa = PBXShellScriptBuildPhase;
			buildActionMask = 2147483647;
			files = (
			);
			inputFileListPaths = (
				"${PODS_ROOT}/Target Support Files/Pods-Translator/Pods-Translator-resources-${CONFIGURATION}-input-files.xcfilelist",
			);
			name = "[CP] Copy Pods Resources";
			outputFileListPaths = (
				"${PODS_ROOT}/Target Support Files/Pods-Translator/Pods-Translator-resources-${CONFIGURATION}-output-files.xcfilelist",
			);
			runOnlyForDeploymentPostprocessing = 0;
			shellPath = /bin/sh;
			shellScript = "\"${PODS_ROOT}/Target Support Files/Pods-Translator/Pods-Translator-resources.sh\"\n";
			showEnvVarsInLog = 0;
		};
		E4C31D095BAB325D0721927C /* [CP] Check Pods Manifest.lock */ = {
			isa = PBXShellScriptBuildPhase;
			buildActionMask = 2147483647;
			files = (
			);
			inputFileListPaths = (
			);
			inputPaths = (
				"${PODS_PODFILE_DIR_PATH}/Podfile.lock",
				"${PODS_ROOT}/Manifest.lock",
			);
			name = "[CP] Check Pods Manifest.lock";
			outputFileListPaths = (
			);
			outputPaths = (
				"$(DERIVED_FILE_DIR)/Pods-Translator-checkManifestLockResult.txt",
			);
			runOnlyForDeploymentPostprocessing = 0;
			shellPath = /bin/sh;
			shellScript = "diff \"${PODS_PODFILE_DIR_PATH}/Podfile.lock\" \"${PODS_ROOT}/Manifest.lock\" > /dev/null\nif [ $? != 0 ] ; then\n    # print error to STDERR\n    echo \"error: The sandbox is not in sync with the Podfile.lock. Run 'pod install' or update your CocoaPods installation.\" >&2\n    exit 1\nfi\n# This output is used by Xcode 'outputs' to avoid re-running this script phase.\necho \"SUCCESS\" > \"${SCRIPT_OUTPUT_FILE_0}\"\n";
			showEnvVarsInLog = 0;
		};
		FBB2A1E7B2431E13228206C4 /* [CP] Embed Pods Frameworks */ = {
			isa = PBXShellScriptBuildPhase;
			buildActionMask = 2147483647;
			files = (
			);
			inputFileListPaths = (
				"${PODS_ROOT}/Target Support Files/Pods-Translator/Pods-Translator-frameworks-${CONFIGURATION}-input-files.xcfilelist",
			);
			name = "[CP] Embed Pods Frameworks";
			outputFileListPaths = (
				"${PODS_ROOT}/Target Support Files/Pods-Translator/Pods-Translator-frameworks-${CONFIGURATION}-output-files.xcfilelist",
			);
			runOnlyForDeploymentPostprocessing = 0;
			shellPath = /bin/sh;
			shellScript = "\"${PODS_ROOT}/Target Support Files/Pods-Translator/Pods-Translator-frameworks.sh\"\n";
			showEnvVarsInLog = 0;
		};
/* End PBXShellScriptBuildPhase section */

/* Begin PBXSourcesBuildPhase section */
		D88ABD4D28124F4600ED39DA /* Sources */ = {
			isa = PBXSourcesBuildPhase;
			buildActionMask = 2147483647;
			files = (
				D88ABD5728124F4600ED39DA /* ContentView.swift in Sources */,
				D85BF033283CDB5A007866E7 /* LanguageTranslationView.swift in Sources */,
				D85BF02F283CDB3D007866E7 /* TextTranslationView.swift in Sources */,
				D85BF035283CDB69007866E7 /* Language.swift in Sources */,
				D85BF031283CDB4A007866E7 /* ImageTranslationView.swift in Sources */,
				D85BF039283CDBA1007866E7 /* ImagePicker.swift in Sources */,
				D88ABD5528124F4600ED39DA /* TranslatorApp.swift in Sources */,
				D85BF037283CDB91007866E7 /* ModelData.swift in Sources */,
			);
			runOnlyForDeploymentPostprocessing = 0;
		};
/* End PBXSourcesBuildPhase section */

/* Begin XCBuildConfiguration section */
		D88ABD5D28124F4700ED39DA /* Debug */ = {
			isa = XCBuildConfiguration;
			buildSettings = {
				ALWAYS_SEARCH_USER_PATHS = NO;
				CLANG_ANALYZER_NONNULL = YES;
				CLANG_ANALYZER_NUMBER_OBJECT_CONVERSION = YES_AGGRESSIVE;
				CLANG_CXX_LANGUAGE_STANDARD = "gnu++17";
				CLANG_ENABLE_MODULES = YES;
				CLANG_ENABLE_OBJC_ARC = YES;
				CLANG_ENABLE_OBJC_WEAK = YES;
				CLANG_WARN_BLOCK_CAPTURE_AUTORELEASING = YES;
				CLANG_WARN_BOOL_CONVERSION = YES;
				CLANG_WARN_COMMA = YES;
				CLANG_WARN_CONSTANT_CONVERSION = YES;
				CLANG_WARN_DEPRECATED_OBJC_IMPLEMENTATIONS = YES;
				CLANG_WARN_DIRECT_OBJC_ISA_USAGE = YES_ERROR;
				CLANG_WARN_DOCUMENTATION_COMMENTS = YES;
				CLANG_WARN_EMPTY_BODY = YES;
				CLANG_WARN_ENUM_CONVERSION = YES;
				CLANG_WARN_INFINITE_RECURSION = YES;
				CLANG_WARN_INT_CONVERSION = YES;
				CLANG_WARN_NON_LITERAL_NULL_CONVERSION = YES;
				CLANG_WARN_OBJC_IMPLICIT_RETAIN_SELF = YES;
				CLANG_WARN_OBJC_LITERAL_CONVERSION = YES;
				CLANG_WARN_OBJC_ROOT_CLASS = YES_ERROR;
				CLANG_WARN_QUOTED_INCLUDE_IN_FRAMEWORK_HEADER = YES;
				CLANG_WARN_RANGE_LOOP_ANALYSIS = YES;
				CLANG_WARN_STRICT_PROTOTYPES = YES;
				CLANG_WARN_SUSPICIOUS_MOVE = YES;
				CLANG_WARN_UNGUARDED_AVAILABILITY = YES_AGGRESSIVE;
				CLANG_WARN_UNREACHABLE_CODE = YES;
				CLANG_WARN__DUPLICATE_METHOD_MATCH = YES;
				COPY_PHASE_STRIP = NO;
				DEBUG_INFORMATION_FORMAT = dwarf;
				ENABLE_STRICT_OBJC_MSGSEND = YES;
				ENABLE_TESTABILITY = YES;
				GCC_C_LANGUAGE_STANDARD = gnu11;
				GCC_DYNAMIC_NO_PIC = NO;
				GCC_NO_COMMON_BLOCKS = YES;
				GCC_OPTIMIZATION_LEVEL = 0;
				GCC_PREPROCESSOR_DEFINITIONS = (
					"DEBUG=1",
					"$(inherited)",
				);
				GCC_WARN_64_TO_32_BIT_CONVERSION = YES;
				GCC_WARN_ABOUT_RETURN_TYPE = YES_ERROR;
				GCC_WARN_UNDECLARED_SELECTOR = YES;
				GCC_WARN_UNINITIALIZED_AUTOS = YES_AGGRESSIVE;
				GCC_WARN_UNUSED_FUNCTION = YES;
				GCC_WARN_UNUSED_VARIABLE = YES;
				IPHONEOS_DEPLOYMENT_TARGET = 15.4;
				MTL_ENABLE_DEBUG_INFO = INCLUDE_SOURCE;
				MTL_FAST_MATH = YES;
				ONLY_ACTIVE_ARCH = YES;
				SDKROOT = iphoneos;
				SWIFT_ACTIVE_COMPILATION_CONDITIONS = DEBUG;
				SWIFT_OPTIMIZATION_LEVEL = "-Onone";
			};
			name = Debug;
		};
		D88ABD5E28124F4700ED39DA /* Release */ = {
			isa = XCBuildConfiguration;
			buildSettings = {
				ALWAYS_SEARCH_USER_PATHS = NO;
				CLANG_ANALYZER_NONNULL = YES;
				CLANG_ANALYZER_NUMBER_OBJECT_CONVERSION = YES_AGGRESSIVE;
				CLANG_CXX_LANGUAGE_STANDARD = "gnu++17";
				CLANG_ENABLE_MODULES = YES;
				CLANG_ENABLE_OBJC_ARC = YES;
				CLANG_ENABLE_OBJC_WEAK = YES;
				CLANG_WARN_BLOCK_CAPTURE_AUTORELEASING = YES;
				CLANG_WARN_BOOL_CONVERSION = YES;
				CLANG_WARN_COMMA = YES;
				CLANG_WARN_CONSTANT_CONVERSION = YES;
				CLANG_WARN_DEPRECATED_OBJC_IMPLEMENTATIONS = YES;
				CLANG_WARN_DIRECT_OBJC_ISA_USAGE = YES_ERROR;
				CLANG_WARN_DOCUMENTATION_COMMENTS = YES;
				CLANG_WARN_EMPTY_BODY = YES;
				CLANG_WARN_ENUM_CONVERSION = YES;
				CLANG_WARN_INFINITE_RECURSION = YES;
				CLANG_WARN_INT_CONVERSION = YES;
				CLANG_WARN_NON_LITERAL_NULL_CONVERSION = YES;
				CLANG_WARN_OBJC_IMPLICIT_RETAIN_SELF = YES;
				CLANG_WARN_OBJC_LITERAL_CONVERSION = YES;
				CLANG_WARN_OBJC_ROOT_CLASS = YES_ERROR;
				CLANG_WARN_QUOTED_INCLUDE_IN_FRAMEWORK_HEADER = YES;
				CLANG_WARN_RANGE_LOOP_ANALYSIS = YES;
				CLANG_WARN_STRICT_PROTOTYPES = YES;
				CLANG_WARN_SUSPICIOUS_MOVE = YES;
				CLANG_WARN_UNGUARDED_AVAILABILITY = YES_AGGRESSIVE;
				CLANG_WARN_UNREACHABLE_CODE = YES;
				CLANG_WARN__DUPLICATE_METHOD_MATCH = YES;
				COPY_PHASE_STRIP = NO;
				DEBUG_INFORMATION_FORMAT = "dwarf-with-dsym";
				ENABLE_NS_ASSERTIONS = NO;
				ENABLE_STRICT_OBJC_MSGSEND = YES;
				GCC_C_LANGUAGE_STANDARD = gnu11;
				GCC_NO_COMMON_BLOCKS = YES;
				GCC_WARN_64_TO_32_BIT_CONVERSION = YES;
				GCC_WARN_ABOUT_RETURN_TYPE = YES_ERROR;
				GCC_WARN_UNDECLARED_SELECTOR = YES;
				GCC_WARN_UNINITIALIZED_AUTOS = YES_AGGRESSIVE;
				GCC_WARN_UNUSED_FUNCTION = YES;
				GCC_WARN_UNUSED_VARIABLE = YES;
				IPHONEOS_DEPLOYMENT_TARGET = 15.4;
				MTL_ENABLE_DEBUG_INFO = NO;
				MTL_FAST_MATH = YES;
				SDKROOT = iphoneos;
				SWIFT_COMPILATION_MODE = wholemodule;
				SWIFT_OPTIMIZATION_LEVEL = "-O";
				VALIDATE_PRODUCT = YES;
			};
			name = Release;
		};
		D88ABD6028124F4700ED39DA /* Debug */ = {
			isa = XCBuildConfiguration;
			baseConfigurationReference = 2A0B0F399D931C73DA779E54 /* Pods-Translator.debug.xcconfig */;
			buildSettings = {
				ASSETCATALOG_COMPILER_APPICON_NAME = AppIcon;
				ASSETCATALOG_COMPILER_GLOBAL_ACCENT_COLOR_NAME = AccentColor;
				CODE_SIGN_STYLE = Automatic;
				CURRENT_PROJECT_VERSION = 1;
				DEVELOPMENT_ASSET_PATHS = "\"Translator/Preview Content\"";
				DEVELOPMENT_TEAM = ZUQL3CRA98;
				ENABLE_PREVIEWS = YES;
				GENERATE_INFOPLIST_FILE = YES;
				INFOPLIST_KEY_UIApplicationSceneManifest_Generation = YES;
				INFOPLIST_KEY_UIApplicationSupportsIndirectInputEvents = YES;
				INFOPLIST_KEY_UILaunchScreen_Generation = YES;
				INFOPLIST_KEY_UISupportedInterfaceOrientations_iPad = "UIInterfaceOrientationPortrait UIInterfaceOrientationPortraitUpsideDown UIInterfaceOrientationLandscapeLeft UIInterfaceOrientationLandscapeRight";
				INFOPLIST_KEY_UISupportedInterfaceOrientations_iPhone = "UIInterfaceOrientationPortrait UIInterfaceOrientationLandscapeLeft UIInterfaceOrientationLandscapeRight";
				LD_RUNPATH_SEARCH_PATHS = (
					"$(inherited)",
					"@executable_path/Frameworks",
				);
				MARKETING_VERSION = 1.0;
				PRODUCT_BUNDLE_IDENTIFIER = com.nathanshaheen.Translator;
				PRODUCT_NAME = "$(TARGET_NAME)";
				SWIFT_EMIT_LOC_STRINGS = YES;
				SWIFT_VERSION = 5.0;
				TARGETED_DEVICE_FAMILY = "1,2";
			};
			name = Debug;
		};
		D88ABD6128124F4700ED39DA /* Release */ = {
			isa = XCBuildConfiguration;
			baseConfigurationReference = 04285EB6665F0EDA8C2E3B8A /* Pods-Translator.release.xcconfig */;
			buildSettings = {
				ASSETCATALOG_COMPILER_APPICON_NAME = AppIcon;
				ASSETCATALOG_COMPILER_GLOBAL_ACCENT_COLOR_NAME = AccentColor;
				CODE_SIGN_STYLE = Automatic;
				CURRENT_PROJECT_VERSION = 1;
				DEVELOPMENT_ASSET_PATHS = "\"Translator/Preview Content\"";
				DEVELOPMENT_TEAM = ZUQL3CRA98;
				ENABLE_PREVIEWS = YES;
				GENERATE_INFOPLIST_FILE = YES;
				INFOPLIST_KEY_UIApplicationSceneManifest_Generation = YES;
				INFOPLIST_KEY_UIApplicationSupportsIndirectInputEvents = YES;
				INFOPLIST_KEY_UILaunchScreen_Generation = YES;
				INFOPLIST_KEY_UISupportedInterfaceOrientations_iPad = "UIInterfaceOrientationPortrait UIInterfaceOrientationPortraitUpsideDown UIInterfaceOrientationLandscapeLeft UIInterfaceOrientationLandscapeRight";
				INFOPLIST_KEY_UISupportedInterfaceOrientations_iPhone = "UIInterfaceOrientationPortrait UIInterfaceOrientationLandscapeLeft UIInterfaceOrientationLandscapeRight";
				LD_RUNPATH_SEARCH_PATHS = (
					"$(inherited)",
					"@executable_path/Frameworks",
				);
				MARKETING_VERSION = 1.0;
				PRODUCT_BUNDLE_IDENTIFIER = com.nathanshaheen.Translator;
				PRODUCT_NAME = "$(TARGET_NAME)";
				SWIFT_EMIT_LOC_STRINGS = YES;
				SWIFT_VERSION = 5.0;
				TARGETED_DEVICE_FAMILY = "1,2";
			};
			name = Release;
		};
/* End XCBuildConfiguration section */

/* Begin XCConfigurationList section */
		D88ABD4C28124F4600ED39DA /* Build configuration list for PBXProject "Translator" */ = {
			isa = XCConfigurationList;
			buildConfigurations = (
				D88ABD5D28124F4700ED39DA /* Debug */,
				D88ABD5E28124F4700ED39DA /* Release */,
			);
			defaultConfigurationIsVisible = 0;
			defaultConfigurationName = Release;
		};
		D88ABD5F28124F4700ED39DA /* Build configuration list for PBXNativeTarget "Translator" */ = {
			isa = XCConfigurationList;
			buildConfigurations = (
				D88ABD6028124F4700ED39DA /* Debug */,
				D88ABD6128124F4700ED39DA /* Release */,
			);
			defaultConfigurationIsVisible = 0;
			defaultConfigurationName = Release;
		};
/* End XCConfigurationList section */
	};
	rootObject = D88ABD4928124F4600ED39DA /* Project object */;
}
